
Microsoft Visual Studio Solution File, Format Version 12.00
# Visual Studio Version 17
VisualStudioVersion = 17.0.31710.8
MinimumVisualStudioVersion = 10.0.40219.1
Project("{FAE04EC0-301F-11D3-BF4B-00C04F79EFBC}") = "LosFusion.CarAppWebApi", "LosFusion.CarAppWebApi\LosFusion.CarAppWebApi.csproj", "{2BE64D05-98C4-4227-B0A0-C492678CD335}"
EndProject
Project("{FAE04EC0-301F-11D3-BF4B-00C04F79EFBC}") = "LosFusion.CarAppWebApi.Tests", "LosFusion.CarAppWebApi.Tests\LosFusion.CarAppWebApi.Tests.csproj", "{B9583E89-6BF6-4CBA-8581-AAD6AB7025DC}"
EndProject
Global
	GlobalSection(SolutionConfigurationPlatforms) = preSolution
		Debug|Any CPU = Debug|Any CPU
		Release|Any CPU = Release|Any CPU
	EndGlobalSection
	GlobalSection(ProjectConfigurationPlatforms) = postSolution
		{2BE64D05-98C4-4227-B0A0-C492678CD335}.Debug|Any CPU.ActiveCfg = Debug|Any CPU
		{2BE64D05-98C4-4227-B0A0-C492678CD335}.Debug|Any CPU.Build.0 = Debug|Any CPU
		{2BE64D05-98C4-4227-B0A0-C492678CD335}.Release|Any CPU.ActiveCfg = Release|Any CPU
		{2BE64D05-98C4-4227-B0A0-C492678CD335}.Release|Any CPU.Build.0 = Release|Any CPU
		{B9583E89-6BF6-4CBA-8581-AAD6AB7025DC}.Debug|Any CPU.ActiveCfg = Debug|Any CPU
		{B9583E89-6BF6-4CBA-8581-AAD6AB7025DC}.Debug|Any CPU.Build.0 = Debug|Any CPU
		{B9583E89-6BF6-4CBA-8581-AAD6AB7025DC}.Release|Any CPU.ActiveCfg = Release|Any CPU
		{B9583E89-6BF6-4CBA-8581-AAD6AB7025DC}.Release|Any CPU.Build.0 = Release|Any CPU
	EndGlobalSection
	GlobalSection(SolutionProperties) = preSolution
		HideSolutionNode = FALSE
	EndGlobalSection
	GlobalSection(ExtensibilityGlobals) = postSolution
		SolutionGuid = {287E27F0-FE75-4B3A-BCE4-A958C7251A66}
	EndGlobalSection
EndGlobal
